
Microsoft Visual Studio Solution File, Format Version 12.00
# Visual Studio Version 17
VisualStudioVersion = 17.11.35327.3
MinimumVisualStudioVersion = 10.0.40219.1
Project("{FAE04EC0-301F-11D3-BF4B-00C04F79EFBC}") = "SendEmailService", "SendEmailService\SendEmailService.csproj", "{DB4DFE79-E3E9-466D-A786-0AFC1591863D}"
EndProject
Global
	GlobalSection(SolutionConfigurationPlatforms) = preSolution
		Debug|Any CPU = Debug|Any CPU
		Release|Any CPU = Release|Any CPU
	EndGlobalSection
	GlobalSection(ProjectConfigurationPlatforms) = postSolution
		{DB4DFE79-E3E9-466D-A786-0AFC1591863D}.Debug|Any CPU.ActiveCfg = Debug|Any CPU
		{DB4DFE79-E3E9-466D-A786-0AFC1591863D}.Debug|Any CPU.Build.0 = Debug|Any CPU
		{DB4DFE79-E3E9-466D-A786-0AFC1591863D}.Release|Any CPU.ActiveCfg = Release|Any CPU
		{DB4DFE79-E3E9-466D-A786-0AFC1591863D}.Release|Any CPU.Build.0 = Release|Any CPU
	EndGlobalSection
	GlobalSection(SolutionProperties) = preSolution
		HideSolutionNode = FALSE
	EndGlobalSection
	GlobalSection(ExtensibilityGlobals) = postSolution
		SolutionGuid = {0CDADA4B-B66B-4C7A-828C-FEE33F93B9D4}
	EndGlobalSection
EndGlobal
